
Microsoft Visual Studio Solution File, Format Version 12.00
# Visual Studio Version 17
VisualStudioVersion = 17.0.31919.166
MinimumVisualStudioVersion = 10.0.40219.1
Project("{FAE04EC0-301F-11D3-BF4B-00C04F79EFBC}") = "BooksExample", "BooksExample\BooksExample.csproj", "{C923BAF7-94DA-4C35-BE72-D0DBB101B37D}"
EndProject
Global
	GlobalSection(SolutionConfigurationPlatforms) = preSolution
		Debug|Any CPU = Debug|Any CPU
		Release|Any CPU = Release|Any CPU
	EndGlobalSection
	GlobalSection(ProjectConfigurationPlatforms) = postSolution
		{C923BAF7-94DA-4C35-BE72-D0DBB101B37D}.Debug|Any CPU.ActiveCfg = Debug|Any CPU
		{C923BAF7-94DA-4C35-BE72-D0DBB101B37D}.Debug|Any CPU.Build.0 = Debug|Any CPU
		{C923BAF7-94DA-4C35-BE72-D0DBB101B37D}.Release|Any CPU.ActiveCfg = Release|Any CPU
		{C923BAF7-94DA-4C35-BE72-D0DBB101B37D}.Release|Any CPU.Build.0 = Release|Any CPU
	EndGlobalSection
	GlobalSection(SolutionProperties) = preSolution
		HideSolutionNode = FALSE
	EndGlobalSection
	GlobalSection(ExtensibilityGlobals) = postSolution
		SolutionGuid = {12B4C275-0A09-473D-8C06-0B808101CE19}
	EndGlobalSection
EndGlobal
