
Microsoft Visual Studio Solution File, Format Version 12.00
# Visual Studio Version 17
VisualStudioVersion = 17.0.31919.166
MinimumVisualStudioVersion = 10.0.40219.1
Project("{FAE04EC0-301F-11D3-BF4B-00C04F79EFBC}") = "RpsApi.Api", "RpsApi.Api\RpsApi.Api.csproj", "{EA2C0198-E63D-43BE-AF89-1504B706D96A}"
EndProject
Project("{FAE04EC0-301F-11D3-BF4B-00C04F79EFBC}") = "RpsApi.DataStorage", "..\RPSConsoleApp\RpsApi.DataStorage\RpsApi.DataStorage.csproj", "{52122E33-C380-4692-91B0-4519B829FC2D}"
EndProject
Global
	GlobalSection(SolutionConfigurationPlatforms) = preSolution
		Debug|Any CPU = Debug|Any CPU
		Release|Any CPU = Release|Any CPU
	EndGlobalSection
	GlobalSection(ProjectConfigurationPlatforms) = postSolution
		{EA2C0198-E63D-43BE-AF89-1504B706D96A}.Debug|Any CPU.ActiveCfg = Debug|Any CPU
		{EA2C0198-E63D-43BE-AF89-1504B706D96A}.Debug|Any CPU.Build.0 = Debug|Any CPU
		{EA2C0198-E63D-43BE-AF89-1504B706D96A}.Release|Any CPU.ActiveCfg = Release|Any CPU
		{EA2C0198-E63D-43BE-AF89-1504B706D96A}.Release|Any CPU.Build.0 = Release|Any CPU
		{52122E33-C380-4692-91B0-4519B829FC2D}.Debug|Any CPU.ActiveCfg = Debug|Any CPU
		{52122E33-C380-4692-91B0-4519B829FC2D}.Debug|Any CPU.Build.0 = Debug|Any CPU
		{52122E33-C380-4692-91B0-4519B829FC2D}.Release|Any CPU.ActiveCfg = Release|Any CPU
		{52122E33-C380-4692-91B0-4519B829FC2D}.Release|Any CPU.Build.0 = Release|Any CPU
	EndGlobalSection
	GlobalSection(SolutionProperties) = preSolution
		HideSolutionNode = FALSE
	EndGlobalSection
	GlobalSection(ExtensibilityGlobals) = postSolution
		SolutionGuid = {0ACB68BD-F3C1-4CBB-BBA1-81C2B69BBAFE}
	EndGlobalSection
EndGlobal
