
Microsoft Visual Studio Solution File, Format Version 12.00
# Visual Studio Version 16
VisualStudioVersion = 16.0.30114.105
MinimumVisualStudioVersion = 10.0.40219.1
Project("{FAE04EC0-301F-11D3-BF4B-00C04F79EFBC}") = "PrimeService", "PrimeService\PrimeService.csproj", "{112E82B3-9DEF-41FD-9BA9-ECF77BBBA468}"
EndProject
Project("{FAE04EC0-301F-11D3-BF4B-00C04F79EFBC}") = "PrimeService.Tests", "PrimeService.Tests\PrimeService.Tests.csproj", "{9FE0BD71-5303-4DC0-BA82-85910ADB930D}"
EndProject
Global
	GlobalSection(SolutionConfigurationPlatforms) = preSolution
		Debug|Any CPU = Debug|Any CPU
		Release|Any CPU = Release|Any CPU
	EndGlobalSection
	GlobalSection(SolutionProperties) = preSolution
		HideSolutionNode = FALSE
	EndGlobalSection
	GlobalSection(ProjectConfigurationPlatforms) = postSolution
		{112E82B3-9DEF-41FD-9BA9-ECF77BBBA468}.Debug|Any CPU.ActiveCfg = Debug|Any CPU
		{112E82B3-9DEF-41FD-9BA9-ECF77BBBA468}.Debug|Any CPU.Build.0 = Debug|Any CPU
		{112E82B3-9DEF-41FD-9BA9-ECF77BBBA468}.Release|Any CPU.ActiveCfg = Release|Any CPU
		{112E82B3-9DEF-41FD-9BA9-ECF77BBBA468}.Release|Any CPU.Build.0 = Release|Any CPU
		{9FE0BD71-5303-4DC0-BA82-85910ADB930D}.Debug|Any CPU.ActiveCfg = Debug|Any CPU
		{9FE0BD71-5303-4DC0-BA82-85910ADB930D}.Debug|Any CPU.Build.0 = Debug|Any CPU
		{9FE0BD71-5303-4DC0-BA82-85910ADB930D}.Release|Any CPU.ActiveCfg = Release|Any CPU
		{9FE0BD71-5303-4DC0-BA82-85910ADB930D}.Release|Any CPU.Build.0 = Release|Any CPU
	EndGlobalSection
EndGlobal
